
Microsoft Visual Studio Solution File, Format Version 12.00
# Visual Studio Version 16
VisualStudioVersion = 16.0.29001.49
MinimumVisualStudioVersion = 10.0.40219.1
Project("{FAE04EC0-301F-11D3-BF4B-00C04F79EFBC}") = "EasyThreadPool", "EasyThreadPool\EasyThreadPool.csproj", "{B7BC78DD-0A41-4D50-A397-03A5FB90F8F2}"
EndProject
Project("{FAE04EC0-301F-11D3-BF4B-00C04F79EFBC}") = "EasyThreadPoolDemo", "EasyThreadPoolDemo\EasyThreadPoolDemo.csproj", "{91067720-8791-4357-A206-A1127F27357A}"
EndProject
Global
	GlobalSection(SolutionConfigurationPlatforms) = preSolution
		Debug|Any CPU = Debug|Any CPU
		Release|Any CPU = Release|Any CPU
	EndGlobalSection
	GlobalSection(ProjectConfigurationPlatforms) = postSolution
		{B7BC78DD-0A41-4D50-A397-03A5FB90F8F2}.Debug|Any CPU.ActiveCfg = Debug|Any CPU
		{B7BC78DD-0A41-4D50-A397-03A5FB90F8F2}.Debug|Any CPU.Build.0 = Debug|Any CPU
		{B7BC78DD-0A41-4D50-A397-03A5FB90F8F2}.Release|Any CPU.ActiveCfg = Release|Any CPU
		{B7BC78DD-0A41-4D50-A397-03A5FB90F8F2}.Release|Any CPU.Build.0 = Release|Any CPU
		{91067720-8791-4357-A206-A1127F27357A}.Debug|Any CPU.ActiveCfg = Debug|Any CPU
		{91067720-8791-4357-A206-A1127F27357A}.Debug|Any CPU.Build.0 = Debug|Any CPU
		{91067720-8791-4357-A206-A1127F27357A}.Release|Any CPU.ActiveCfg = Release|Any CPU
		{91067720-8791-4357-A206-A1127F27357A}.Release|Any CPU.Build.0 = Release|Any CPU
	EndGlobalSection
	GlobalSection(SolutionProperties) = preSolution
		HideSolutionNode = FALSE
	EndGlobalSection
	GlobalSection(ExtensibilityGlobals) = postSolution
		SolutionGuid = {64EDDF26-BADD-4B87-B36C-C5081B223BF4}
	EndGlobalSection
EndGlobal
